
Microsoft Visual Studio Solution File, Format Version 12.00
# Visual Studio Version 17
VisualStudioVersion = 17.0.32112.339
MinimumVisualStudioVersion = 10.0.40219.1
Project("{FAE04EC0-301F-11D3-BF4B-00C04F79EFBC}") = "InternalMeetings", "InternalMeetings.csproj", "{25FC8DDC-91F4-4302-A986-1315334F3200}"
EndProject
Project("{FAE04EC0-301F-11D3-BF4B-00C04F79EFBC}") = "InternalMeetings.UnitTests", "InternalMeetings.UnitTests\InternalMeetings.UnitTests.csproj", "{E9E72CA3-3334-4AE1-A6C2-FF4B5275D15B}"
	ProjectSection(ProjectDependencies) = postProject
		{25FC8DDC-91F4-4302-A986-1315334F3200} = {25FC8DDC-91F4-4302-A986-1315334F3200}
	EndProjectSection
EndProject
Global
	GlobalSection(SolutionConfigurationPlatforms) = preSolution
		Debug|Any CPU = Debug|Any CPU
		Release|Any CPU = Release|Any CPU
	EndGlobalSection
	GlobalSection(ProjectConfigurationPlatforms) = postSolution
		{25FC8DDC-91F4-4302-A986-1315334F3200}.Debug|Any CPU.ActiveCfg = Debug|Any CPU
		{25FC8DDC-91F4-4302-A986-1315334F3200}.Debug|Any CPU.Build.0 = Debug|Any CPU
		{25FC8DDC-91F4-4302-A986-1315334F3200}.Release|Any CPU.ActiveCfg = Release|Any CPU
		{25FC8DDC-91F4-4302-A986-1315334F3200}.Release|Any CPU.Build.0 = Release|Any CPU
		{E9E72CA3-3334-4AE1-A6C2-FF4B5275D15B}.Debug|Any CPU.ActiveCfg = Debug|Any CPU
		{E9E72CA3-3334-4AE1-A6C2-FF4B5275D15B}.Debug|Any CPU.Build.0 = Debug|Any CPU
		{E9E72CA3-3334-4AE1-A6C2-FF4B5275D15B}.Release|Any CPU.ActiveCfg = Release|Any CPU
		{E9E72CA3-3334-4AE1-A6C2-FF4B5275D15B}.Release|Any CPU.Build.0 = Release|Any CPU
	EndGlobalSection
	GlobalSection(SolutionProperties) = preSolution
		HideSolutionNode = FALSE
	EndGlobalSection
	GlobalSection(ExtensibilityGlobals) = postSolution
		SolutionGuid = {ADF466CA-6C81-4675-985C-85C0BBA9B99B}
	EndGlobalSection
EndGlobal
